// !$*UTF8*$!
{
	archiveVersion = 1;
	classes = {
	};
	objectVersion = 46;
	objects = {

/* Begin PBXBuildFile section */
		4A4C10041F705B860091CBB4 /* AppDelegate.swift in Sources */ = {isa = PBXBuildFile; fileRef = 4A4C10031F705B860091CBB4 /* AppDelegate.swift */; };
		4A4C10061F705B860091CBB4 /* ViewController.swift in Sources */ = {isa = PBXBuildFile; fileRef = 4A4C10051F705B860091CBB4 /* ViewController.swift */; };
		4A4C10091F705B860091CBB4 /* Main.storyboard in Resources */ = {isa = PBXBuildFile; fileRef = 4A4C10071F705B860091CBB4 /* Main.storyboard */; };
		4A4C100C1F705B860091CBB4 /* TrainGame.xcdatamodeld in Sources */ = {isa = PBXBuildFile; fileRef = 4A4C100A1F705B860091CBB4 /* TrainGame.xcdatamodeld */; };
		4A4C100E1F705B860091CBB4 /* Assets.xcassets in Resources */ = {isa = PBXBuildFile; fileRef = 4A4C100D1F705B860091CBB4 /* Assets.xcassets */; };
		4A4C10111F705B860091CBB4 /* LaunchScreen.storyboard in Resources */ = {isa = PBXBuildFile; fileRef = 4A4C100F1F705B860091CBB4 /* LaunchScreen.storyboard */; };
		4A4C10191F705BE50091CBB4 /* CurvedView.swift in Sources */ = {isa = PBXBuildFile; fileRef = 4A4C10181F705BE50091CBB4 /* CurvedView.swift */; };
		4A4C101B1F741AA50091CBB4 /* HelperMethods.swift in Sources */ = {isa = PBXBuildFile; fileRef = 4A4C101A1F741AA50091CBB4 /* HelperMethods.swift */; };
		4A4C10951F7943E10091CBB4 /* RoundButton.swift in Sources */ = {isa = PBXBuildFile; fileRef = 4A4C10941F7943E10091CBB4 /* RoundButton.swift */; };
		4A4C10B71F7C021A0091CBB4 /* ContainerViewController.swift in Sources */ = {isa = PBXBuildFile; fileRef = 4A4C10B61F7C021A0091CBB4 /* ContainerViewController.swift */; };
		4A4C10B91F7C03F40091CBB4 /* SideMenuTableVC.swift in Sources */ = {isa = PBXBuildFile; fileRef = 4A4C10B81F7C03F40091CBB4 /* SideMenuTableVC.swift */; };
/* End PBXBuildFile section */

/* Begin PBXFileReference section */
		4A4C10001F705B860091CBB4 /* TrainGame.app */ = {isa = PBXFileReference; explicitFileType = wrapper.application; includeInIndex = 0; path = TrainGame.app; sourceTree = BUILT_PRODUCTS_DIR; };
		4A4C10031F705B860091CBB4 /* AppDelegate.swift */ = {isa = PBXFileReference; lastKnownFileType = sourcecode.swift; path = AppDelegate.swift; sourceTree = "<group>"; };
		4A4C10051F705B860091CBB4 /* ViewController.swift */ = {isa = PBXFileReference; lastKnownFileType = sourcecode.swift; path = ViewController.swift; sourceTree = "<group>"; };
		4A4C10081F705B860091CBB4 /* Base */ = {isa = PBXFileReference; lastKnownFileType = file.storyboard; name = Base; path = Base.lproj/Main.storyboard; sourceTree = "<group>"; };
		4A4C100B1F705B860091CBB4 /* TrainGame.xcdatamodel */ = {isa = PBXFileReference; lastKnownFileType = wrapper.xcdatamodel; path = TrainGame.xcdatamodel; sourceTree = "<group>"; };
		4A4C100D1F705B860091CBB4 /* Assets.xcassets */ = {isa = PBXFileReference; lastKnownFileType = folder.assetcatalog; path = Assets.xcassets; sourceTree = "<group>"; };
		4A4C10101F705B860091CBB4 /* Base */ = {isa = PBXFileReference; lastKnownFileType = file.storyboard; name = Base; path = Base.lproj/LaunchScreen.storyboard; sourceTree = "<group>"; };
		4A4C10121F705B860091CBB4 /* Info.plist */ = {isa = PBXFileReference; lastKnownFileType = text.plist.xml; path = Info.plist; sourceTree = "<group>"; };
		4A4C10181F705BE50091CBB4 /* CurvedView.swift */ = {isa = PBXFileReference; fileEncoding = 4; lastKnownFileType = sourcecode.swift; path = CurvedView.swift; sourceTree = "<group>"; };
		4A4C101A1F741AA50091CBB4 /* HelperMethods.swift */ = {isa = PBXFileReference; fileEncoding = 4; lastKnownFileType = sourcecode.swift; path = HelperMethods.swift; sourceTree = "<group>"; };
		4A4C10941F7943E10091CBB4 /* RoundButton.swift */ = {isa = PBXFileReference; fileEncoding = 4; lastKnownFileType = sourcecode.swift; path = RoundButton.swift; sourceTree = "<group>"; };
		4A4C10B61F7C021A0091CBB4 /* ContainerViewController.swift */ = {isa = PBXFileReference; fileEncoding = 4; lastKnownFileType = sourcecode.swift; path = ContainerViewController.swift; sourceTree = "<group>"; };
		4A4C10B81F7C03F40091CBB4 /* SideMenuTableVC.swift */ = {isa = PBXFileReference; fileEncoding = 4; lastKnownFileType = sourcecode.swift; path = SideMenuTableVC.swift; sourceTree = "<group>"; };
/* End PBXFileReference section */

/* Begin PBXFrameworksBuildPhase section */
		4A4C0FFD1F705B860091CBB4 /* Frameworks */ = {
			isa = PBXFrameworksBuildPhase;
			buildActionMask = 2147483647;
			files = (
			);
			runOnlyForDeploymentPostprocessing = 0;
		};
/* End PBXFrameworksBuildPhase section */

/* Begin PBXGroup section */
		4A4C0FF71F705B860091CBB4 = {
			isa = PBXGroup;
			children = (
				4A4C10021F705B860091CBB4 /* TrainGame */,
				4A4C10011F705B860091CBB4 /* Products */,
			);
			sourceTree = "<group>";
		};
		4A4C10011F705B860091CBB4 /* Products */ = {
			isa = PBXGroup;
			children = (
				4A4C10001F705B860091CBB4 /* TrainGame.app */,
			);
			name = Products;
			sourceTree = "<group>";
		};
		4A4C10021F705B860091CBB4 /* TrainGame */ = {
			isa = PBXGroup;
			children = (
				4A4C10031F705B860091CBB4 /* AppDelegate.swift */,
				4A4C10051F705B860091CBB4 /* ViewController.swift */,
				4A4C10B61F7C021A0091CBB4 /* ContainerViewController.swift */,
				4A4C10B81F7C03F40091CBB4 /* SideMenuTableVC.swift */,
				4A4C10941F7943E10091CBB4 /* RoundButton.swift */,
				4A4C10181F705BE50091CBB4 /* CurvedView.swift */,
				4A4C101A1F741AA50091CBB4 /* HelperMethods.swift */,
				4A4C10071F705B860091CBB4 /* Main.storyboard */,
				4A4C100D1F705B860091CBB4 /* Assets.xcassets */,
				4A4C100F1F705B860091CBB4 /* LaunchScreen.storyboard */,
				4A4C10121F705B860091CBB4 /* Info.plist */,
				4A4C100A1F705B860091CBB4 /* TrainGame.xcdatamodeld */,
			);
			path = TrainGame;
			sourceTree = "<group>";
		};
/* End PBXGroup section */

/* Begin PBXNativeTarget section */
		4A4C0FFF1F705B860091CBB4 /* TrainGame */ = {
			isa = PBXNativeTarget;
			buildConfigurationList = 4A4C10151F705B860091CBB4 /* Build configuration list for PBXNativeTarget "TrainGame" */;
			buildPhases = (
				4A4C0FFC1F705B860091CBB4 /* Sources */,
				4A4C0FFD1F705B860091CBB4 /* Frameworks */,
				4A4C0FFE1F705B860091CBB4 /* Resources */,
			);
			buildRules = (
			);
			dependencies = (
			);
			name = TrainGame;
			productName = TrainGame;
			productReference = 4A4C10001F705B860091CBB4 /* TrainGame.app */;
			productType = "com.apple.product-type.application";
		};
/* End PBXNativeTarget section */

/* Begin PBXProject section */
		4A4C0FF81F705B860091CBB4 /* Project object */ = {
			isa = PBXProject;
			attributes = {
				LastSwiftUpdateCheck = 0830;
				LastUpgradeCheck = 0830;
				ORGANIZATIONNAME = gerusa04;
				TargetAttributes = {
					4A4C0FFF1F705B860091CBB4 = {
						CreatedOnToolsVersion = 8.3.2;
						DevelopmentTeam = Q8WPW9BZ33;
						ProvisioningStyle = Automatic;
					};
				};
			};
			buildConfigurationList = 4A4C0FFB1F705B860091CBB4 /* Build configuration list for PBXProject "TrainGame" */;
			compatibilityVersion = "Xcode 3.2";
			developmentRegion = English;
			hasScannedForEncodings = 0;
			knownRegions = (
				en,
				Base,
			);
			mainGroup = 4A4C0FF71F705B860091CBB4;
			productRefGroup = 4A4C10011F705B860091CBB4 /* Products */;
			projectDirPath = "";
			projectRoot = "";
			targets = (
				4A4C0FFF1F705B860091CBB4 /* TrainGame */,
			);
		};
/* End PBXProject section */

/* Begin PBXResourcesBuildPhase section */
		4A4C0FFE1F705B860091CBB4 /* Resources */ = {
			isa = PBXResourcesBuildPhase;
			buildActionMask = 2147483647;
			files = (
				4A4C10111F705B860091CBB4 /* LaunchScreen.storyboard in Resources */,
				4A4C100E1F705B860091CBB4 /* Assets.xcassets in Resources */,
				4A4C10091F705B860091CBB4 /* Main.storyboard in Resources */,
			);
			runOnlyForDeploymentPostprocessing = 0;
		};
/* End PBXResourcesBuildPhase section */

/* Begin PBXSourcesBuildPhase section */
		4A4C0FFC1F705B860091CBB4 /* Sources */ = {
			isa = PBXSourcesBuildPhase;
			buildActionMask = 2147483647;
			files = (
				4A4C10951F7943E10091CBB4 /* RoundButton.swift in Sources */,
				4A4C10061F705B860091CBB4 /* ViewController.swift in Sources */,
				4A4C10B71F7C021A0091CBB4 /* ContainerViewController.swift in Sources */,
				4A4C10B91F7C03F40091CBB4 /* SideMenuTableVC.swift in Sources */,
				4A4C10191F705BE50091CBB4 /* CurvedView.swift in Sources */,
				4A4C101B1F741AA50091CBB4 /* HelperMethods.swift in Sources */,
				4A4C10041F705B860091CBB4 /* AppDelegate.swift in Sources */,
				4A4C100C1F705B860091CBB4 /* TrainGame.xcdatamodeld in Sources */,
			);
			runOnlyForDeploymentPostprocessing = 0;
		};
/* End PBXSourcesBuildPhase section */

/* Begin PBXVariantGroup section */
		4A4C10071F705B860091CBB4 /* Main.storyboard */ = {
			isa = PBXVariantGroup;
			children = (
				4A4C10081F705B860091CBB4 /* Base */,
			);
			name = Main.storyboard;
			sourceTree = "<group>";
		};
		4A4C100F1F705B860091CBB4 /* LaunchScreen.storyboard */ = {
			isa = PBXVariantGroup;
			children = (
				4A4C10101F705B860091CBB4 /* Base */,
			);
			name = LaunchScreen.storyboard;
			sourceTree = "<group>";
		};
/* End PBXVariantGroup section */

/* Begin XCBuildConfiguration section */
		4A4C10131F705B860091CBB4 /* Debug */ = {
			isa = XCBuildConfiguration;
			buildSettings = {
				ALWAYS_SEARCH_USER_PATHS = NO;
				CLANG_ANALYZER_NONNULL = YES;
				CLANG_ANALYZER_NUMBER_OBJECT_CONVERSION = YES_AGGRESSIVE;
				CLANG_CXX_LANGUAGE_STANDARD = "gnu++0x";
				CLANG_CXX_LIBRARY = "libc++";
				CLANG_ENABLE_MODULES = YES;
				CLANG_ENABLE_OBJC_ARC = YES;
				CLANG_WARN_BOOL_CONVERSION = YES;
				CLANG_WARN_CONSTANT_CONVERSION = YES;
				CLANG_WARN_DIRECT_OBJC_ISA_USAGE = YES_ERROR;
				CLANG_WARN_DOCUMENTATION_COMMENTS = YES;
				CLANG_WARN_EMPTY_BODY = YES;
				CLANG_WARN_ENUM_CONVERSION = YES;
				CLANG_WARN_INFINITE_RECURSION = YES;
				CLANG_WARN_INT_CONVERSION = YES;
				CLANG_WARN_OBJC_ROOT_CLASS = YES_ERROR;
				CLANG_WARN_SUSPICIOUS_MOVE = YES;
				CLANG_WARN_UNREACHABLE_CODE = YES;
				CLANG_WARN__DUPLICATE_METHOD_MATCH = YES;
				"CODE_SIGN_IDENTITY[sdk=iphoneos*]" = "iPhone Developer";
				COPY_PHASE_STRIP = NO;
				DEBUG_INFORMATION_FORMAT = dwarf;
				ENABLE_STRICT_OBJC_MSGSEND = YES;
				ENABLE_TESTABILITY = YES;
				GCC_C_LANGUAGE_STANDARD = gnu99;
				GCC_DYNAMIC_NO_PIC = NO;
				GCC_NO_COMMON_BLOCKS = YES;
				GCC_OPTIMIZATION_LEVEL = 0;
				GCC_PREPROCESSOR_DEFINITIONS = (
					"DEBUG=1",
					"$(inherited)",
				);
				GCC_WARN_64_TO_32_BIT_CONVERSION = YES;
				GCC_WARN_ABOUT_RETURN_TYPE = YES_ERROR;
				GCC_WARN_UNDECLARED_SELECTOR = YES;
				GCC_WARN_UNINITIALIZED_AUTOS = YES_AGGRESSIVE;
				GCC_WARN_UNUSED_FUNCTION = YES;
				GCC_WARN_UNUSED_VARIABLE = YES;
				IPHONEOS_DEPLOYMENT_TARGET = 10.3;
				MTL_ENABLE_DEBUG_INFO = YES;
				ONLY_ACTIVE_ARCH = YES;
				SDKROOT = iphoneos;
				SWIFT_ACTIVE_COMPILATION_CONDITIONS = DEBUG;
				SWIFT_OPTIMIZATION_LEVEL = "-Onone";
				TARGETED_DEVICE_FAMILY = "1,2";
			};
			name = Debug;
		};
		4A4C10141F705B860091CBB4 /* Release */ = {
			isa = XCBuildConfiguration;
			buildSettings = {
				ALWAYS_SEARCH_USER_PATHS = NO;
				CLANG_ANALYZER_NONNULL = YES;
				CLANG_ANALYZER_NUMBER_OBJECT_CONVERSION = YES_AGGRESSIVE;
				CLANG_CXX_LANGUAGE_STANDARD = "gnu++0x";
				CLANG_CXX_LIBRARY = "libc++";
				CLANG_ENABLE_MODULES = YES;
				CLANG_ENABLE_OBJC_ARC = YES;
				CLANG_WARN_BOOL_CONVERSION = YES;
				CLANG_WARN_CONSTANT_CONVERSION = YES;
				CLANG_WARN_DIRECT_OBJC_ISA_USAGE = YES_ERROR;
				CLANG_WARN_DOCUMENTATION_COMMENTS = YES;
				CLANG_WARN_EMPTY_BODY = YES;
				CLANG_WARN_ENUM_CONVERSION = YES;
				CLANG_WARN_INFINITE_RECURSION = YES;
				CLANG_WARN_INT_CONVERSION = YES;
				CLANG_WARN_OBJC_ROOT_CLASS = YES_ERROR;
				CLANG_WARN_SUSPICIOUS_MOVE = YES;
				CLANG_WARN_UNREACHABLE_CODE = YES;
				CLANG_WARN__DUPLICATE_METHOD_MATCH = YES;
				"CODE_SIGN_IDENTITY[sdk=iphoneos*]" = "iPhone Developer";
				COPY_PHASE_STRIP = NO;
				DEBUG_INFORMATION_FORMAT = "dwarf-with-dsym";
				ENABLE_NS_ASSERTIONS = NO;
				ENABLE_STRICT_OBJC_MSGSEND = YES;
				GCC_C_LANGUAGE_STANDARD = gnu99;
				GCC_NO_COMMON_BLOCKS = YES;
				GCC_WARN_64_TO_32_BIT_CONVERSION = YES;
				GCC_WARN_ABOUT_RETURN_TYPE = YES_ERROR;
				GCC_WARN_UNDECLARED_SELECTOR = YES;
				GCC_WARN_UNINITIALIZED_AUTOS = YES_AGGRESSIVE;
				GCC_WARN_UNUSED_FUNCTION = YES;
				GCC_WARN_UNUSED_VARIABLE = YES;
				IPHONEOS_DEPLOYMENT_TARGET = 10.3;
				MTL_ENABLE_DEBUG_INFO = NO;
				SDKROOT = iphoneos;
				SWIFT_OPTIMIZATION_LEVEL = "-Owholemodule";
				TARGETED_DEVICE_FAMILY = "1,2";
				VALIDATE_PRODUCT = YES;
			};
			name = Release;
		};
		4A4C10161F705B860091CBB4 /* Debug */ = {
			isa = XCBuildConfiguration;
			buildSettings = {
				ASSETCATALOG_COMPILER_APPICON_NAME = AppIcon;
				DEVELOPMENT_TEAM = Q8WPW9BZ33;
				INFOPLIST_FILE = TrainGame/Info.plist;
				LD_RUNPATH_SEARCH_PATHS = "$(inherited) @executable_path/Frameworks";
				PRODUCT_BUNDLE_IDENTIFIER = com.gerusa04.TrainGame;
				PRODUCT_NAME = "$(TARGET_NAME)";
				SWIFT_VERSION = 3.0;
			};
			name = Debug;
		};
		4A4C10171F705B860091CBB4 /* Release */ = {
			isa = XCBuildConfiguration;
			buildSettings = {
				ASSETCATALOG_COMPILER_APPICON_NAME = AppIcon;
				DEVELOPMENT_TEAM = Q8WPW9BZ33;
				INFOPLIST_FILE = TrainGame/Info.plist;
				LD_RUNPATH_SEARCH_PATHS = "$(inherited) @executable_path/Frameworks";
				PRODUCT_BUNDLE_IDENTIFIER = com.gerusa04.TrainGame;
				PRODUCT_NAME = "$(TARGET_NAME)";
				SWIFT_VERSION = 3.0;
			};
			name = Release;
		};
/* End XCBuildConfiguration section */

/* Begin XCConfigurationList section */
		4A4C0FFB1F705B860091CBB4 /* Build configuration list for PBXProject "TrainGame" */ = {
			isa = XCConfigurationList;
			buildConfigurations = (
				4A4C10131F705B860091CBB4 /* Debug */,
				4A4C10141F705B860091CBB4 /* Release */,
			);
			defaultConfigurationIsVisible = 0;
			defaultConfigurationName = Release;
		};
		4A4C10151F705B860091CBB4 /* Build configuration list for PBXNativeTarget "TrainGame" */ = {
			isa = XCConfigurationList;
			buildConfigurations = (
				4A4C10161F705B860091CBB4 /* Debug */,
				4A4C10171F705B860091CBB4 /* Release */,
			);
			defaultConfigurationIsVisible = 0;
			defaultConfigurationName = Release;
		};
/* End XCConfigurationList section */

/* Begin XCVersionGroup section */
		4A4C100A1F705B860091CBB4 /* TrainGame.xcdatamodeld */ = {
			isa = XCVersionGroup;
			children = (
				4A4C100B1F705B860091CBB4 /* TrainGame.xcdatamodel */,
			);
			currentVersion = 4A4C100B1F705B860091CBB4 /* TrainGame.xcdatamodel */;
			path = TrainGame.xcdatamodeld;
			sourceTree = "<group>";
			versionGroupType = wrapper.xcdatamodel;
		};
/* End XCVersionGroup section */
	};
	rootObject = 4A4C0FF81F705B860091CBB4 /* Project object */;
}
